// !$*UTF8*$!
{
	archiveVersion = 1;
	classes = {
	};
	objectVersion = 56;
	objects = {

/* Begin PBXBuildFile section */
		9DD6E6D72ACBD08D009EC35D /* AppDelegate.swift in Sources */ = {isa = PBXBuildFile; fileRef = 9DD6E6D62ACBD08D009EC35D /* AppDelegate.swift */; };
		9DD6E6D92ACBD08D009EC35D /* SceneDelegate.swift in Sources */ = {isa = PBXBuildFile; fileRef = 9DD6E6D82ACBD08D009EC35D /* SceneDelegate.swift */; };
		9DD6E6DB2ACBD08D009EC35D /* RMTabBarController.swift in Sources */ = {isa = PBXBuildFile; fileRef = 9DD6E6DA2ACBD08D009EC35D /* RMTabBarController.swift */; };
		9DD6E6E02ACBD08F009EC35D /* Assets.xcassets in Resources */ = {isa = PBXBuildFile; fileRef = 9DD6E6DF2ACBD08F009EC35D /* Assets.xcassets */; };
		9DD6E6E32ACBD08F009EC35D /* LaunchScreen.storyboard in Resources */ = {isa = PBXBuildFile; fileRef = 9DD6E6E12ACBD08F009EC35D /* LaunchScreen.storyboard */; };
		9DD6E6F12ACBD28D009EC35D /* RMLocation.swift in Sources */ = {isa = PBXBuildFile; fileRef = 9DD6E6F02ACBD28D009EC35D /* RMLocation.swift */; };
		9DD6E6F32ACBD29B009EC35D /* RMCharacter.swift in Sources */ = {isa = PBXBuildFile; fileRef = 9DD6E6F22ACBD29B009EC35D /* RMCharacter.swift */; };
		9DD6E6F52ACBD2B2009EC35D /* RMEpisode.swift in Sources */ = {isa = PBXBuildFile; fileRef = 9DD6E6F42ACBD2B2009EC35D /* RMEpisode.swift */; };
		9DD6E6F72ACBD5BB009EC35D /* RMCharacterViewController.swift in Sources */ = {isa = PBXBuildFile; fileRef = 9DD6E6F62ACBD5BB009EC35D /* RMCharacterViewController.swift */; };
		9DD6E6F92ACBD5DA009EC35D /* RMEpisodeViewController.swift in Sources */ = {isa = PBXBuildFile; fileRef = 9DD6E6F82ACBD5DA009EC35D /* RMEpisodeViewController.swift */; };
		9DD6E6FB2ACBD5EA009EC35D /* RMLocationViewController.swift in Sources */ = {isa = PBXBuildFile; fileRef = 9DD6E6FA2ACBD5EA009EC35D /* RMLocationViewController.swift */; };
		9DD6E6FD2ACBD5F9009EC35D /* RMSettingsViewController.swift in Sources */ = {isa = PBXBuildFile; fileRef = 9DD6E6FC2ACBD5F9009EC35D /* RMSettingsViewController.swift */; };
		9DD6E7002ACD314E009EC35D /* RMService.swift in Sources */ = {isa = PBXBuildFile; fileRef = 9DD6E6FF2ACD314E009EC35D /* RMService.swift */; };
		9DD6E7022ACD315A009EC35D /* RMRequest.swift in Sources */ = {isa = PBXBuildFile; fileRef = 9DD6E7012ACD315A009EC35D /* RMRequest.swift */; };
		9DD6E7042ACD31BB009EC35D /* RMEndpoint.swift in Sources */ = {isa = PBXBuildFile; fileRef = 9DD6E7032ACD31BB009EC35D /* RMEndpoint.swift */; };
		9DD6E7062ACD36B2009EC35D /* RMOrigin.swift in Sources */ = {isa = PBXBuildFile; fileRef = 9DD6E7052ACD36B2009EC35D /* RMOrigin.swift */; };
		9DD6E7082ACD36F9009EC35D /* RMSingleLocation.swift in Sources */ = {isa = PBXBuildFile; fileRef = 9DD6E7072ACD36F9009EC35D /* RMSingleLocation.swift */; };
		9DD6E70A2ACD3776009EC35D /* RMCharacterStatus.swift in Sources */ = {isa = PBXBuildFile; fileRef = 9DD6E7092ACD3776009EC35D /* RMCharacterStatus.swift */; };
		9DD6E70C2ACD386E009EC35D /* RMCharacterGender.swift in Sources */ = {isa = PBXBuildFile; fileRef = 9DD6E70B2ACD386E009EC35D /* RMCharacterGender.swift */; };
		9DD6E7102ACDF5FF009EC35D /* RMGetAllCharactersReponse.swift in Sources */ = {isa = PBXBuildFile; fileRef = 9DD6E70F2ACDF5FF009EC35D /* RMGetAllCharactersReponse.swift */; };
		9DD6E7122ACDFBE0009EC35D /* RMCharacterListViewModel.swift in Sources */ = {isa = PBXBuildFile; fileRef = 9DD6E7112ACDFBE0009EC35D /* RMCharacterListViewModel.swift */; };
		9DD6E7152ACDFCED009EC35D /* RMCharacterListView.swift in Sources */ = {isa = PBXBuildFile; fileRef = 9DD6E7142ACDFCED009EC35D /* RMCharacterListView.swift */; };
		9DD6E7172ACE0044009EC35D /* Extensions.swift in Sources */ = {isa = PBXBuildFile; fileRef = 9DD6E7162ACE0044009EC35D /* Extensions.swift */; };
		9DD6E7192ACE0A2E009EC35D /* RMCharacterCollectionViewCell.swift in Sources */ = {isa = PBXBuildFile; fileRef = 9DD6E7182ACE0A2E009EC35D /* RMCharacterCollectionViewCell.swift */; };
		9DD6E71B2ACE0F77009EC35D /* RMCharacterCollectionViewCellViewModel.swift in Sources */ = {isa = PBXBuildFile; fileRef = 9DD6E71A2ACE0F77009EC35D /* RMCharacterCollectionViewCellViewModel.swift */; };
		9DD6E71E2ACE2207009EC35D /* RMCharacterDetailViewController.swift in Sources */ = {isa = PBXBuildFile; fileRef = 9DD6E71D2ACE2207009EC35D /* RMCharacterDetailViewController.swift */; };
		9DD6E7202ACF44EC009EC35D /* RMCharacterDetailViewModel.swift in Sources */ = {isa = PBXBuildFile; fileRef = 9DD6E71F2ACF44EC009EC35D /* RMCharacterDetailViewModel.swift */; };
		9DD6E7222ACF4E69009EC35D /* RMFooterLoadingCollectionReusableView.swift in Sources */ = {isa = PBXBuildFile; fileRef = 9DD6E7212ACF4E69009EC35D /* RMFooterLoadingCollectionReusableView.swift */; };
/* End PBXBuildFile section */

/* Begin PBXFileReference section */
		9DD6E6D32ACBD08D009EC35D /* RickAndMorty.app */ = {isa = PBXFileReference; explicitFileType = wrapper.application; includeInIndex = 0; path = RickAndMorty.app; sourceTree = BUILT_PRODUCTS_DIR; };
		9DD6E6D62ACBD08D009EC35D /* AppDelegate.swift */ = {isa = PBXFileReference; lastKnownFileType = sourcecode.swift; path = AppDelegate.swift; sourceTree = "<group>"; };
		9DD6E6D82ACBD08D009EC35D /* SceneDelegate.swift */ = {isa = PBXFileReference; lastKnownFileType = sourcecode.swift; path = SceneDelegate.swift; sourceTree = "<group>"; };
		9DD6E6DA2ACBD08D009EC35D /* RMTabBarController.swift */ = {isa = PBXFileReference; lastKnownFileType = sourcecode.swift; path = RMTabBarController.swift; sourceTree = "<group>"; };
		9DD6E6DF2ACBD08F009EC35D /* Assets.xcassets */ = {isa = PBXFileReference; lastKnownFileType = folder.assetcatalog; path = Assets.xcassets; sourceTree = "<group>"; };
		9DD6E6E22ACBD08F009EC35D /* Base */ = {isa = PBXFileReference; lastKnownFileType = file.storyboard; name = Base; path = Base.lproj/LaunchScreen.storyboard; sourceTree = "<group>"; };
		9DD6E6E42ACBD08F009EC35D /* Info.plist */ = {isa = PBXFileReference; lastKnownFileType = text.plist.xml; path = Info.plist; sourceTree = "<group>"; };
		9DD6E6F02ACBD28D009EC35D /* RMLocation.swift */ = {isa = PBXFileReference; lastKnownFileType = sourcecode.swift; path = RMLocation.swift; sourceTree = "<group>"; };
		9DD6E6F22ACBD29B009EC35D /* RMCharacter.swift */ = {isa = PBXFileReference; lastKnownFileType = sourcecode.swift; path = RMCharacter.swift; sourceTree = "<group>"; };
		9DD6E6F42ACBD2B2009EC35D /* RMEpisode.swift */ = {isa = PBXFileReference; lastKnownFileType = sourcecode.swift; path = RMEpisode.swift; sourceTree = "<group>"; };
		9DD6E6F62ACBD5BB009EC35D /* RMCharacterViewController.swift */ = {isa = PBXFileReference; lastKnownFileType = sourcecode.swift; path = RMCharacterViewController.swift; sourceTree = "<group>"; };
		9DD6E6F82ACBD5DA009EC35D /* RMEpisodeViewController.swift */ = {isa = PBXFileReference; lastKnownFileType = sourcecode.swift; path = RMEpisodeViewController.swift; sourceTree = "<group>"; };
		9DD6E6FA2ACBD5EA009EC35D /* RMLocationViewController.swift */ = {isa = PBXFileReference; lastKnownFileType = sourcecode.swift; path = RMLocationViewController.swift; sourceTree = "<group>"; };
		9DD6E6FC2ACBD5F9009EC35D /* RMSettingsViewController.swift */ = {isa = PBXFileReference; lastKnownFileType = sourcecode.swift; path = RMSettingsViewController.swift; sourceTree = "<group>"; };
		9DD6E6FF2ACD314E009EC35D /* RMService.swift */ = {isa = PBXFileReference; lastKnownFileType = sourcecode.swift; path = RMService.swift; sourceTree = "<group>"; };
		9DD6E7012ACD315A009EC35D /* RMRequest.swift */ = {isa = PBXFileReference; lastKnownFileType = sourcecode.swift; path = RMRequest.swift; sourceTree = "<group>"; };
		9DD6E7032ACD31BB009EC35D /* RMEndpoint.swift */ = {isa = PBXFileReference; lastKnownFileType = sourcecode.swift; path = RMEndpoint.swift; sourceTree = "<group>"; };
		9DD6E7052ACD36B2009EC35D /* RMOrigin.swift */ = {isa = PBXFileReference; lastKnownFileType = sourcecode.swift; path = RMOrigin.swift; sourceTree = "<group>"; };
		9DD6E7072ACD36F9009EC35D /* RMSingleLocation.swift */ = {isa = PBXFileReference; lastKnownFileType = sourcecode.swift; path = RMSingleLocation.swift; sourceTree = "<group>"; };
		9DD6E7092ACD3776009EC35D /* RMCharacterStatus.swift */ = {isa = PBXFileReference; lastKnownFileType = sourcecode.swift; path = RMCharacterStatus.swift; sourceTree = "<group>"; };
		9DD6E70B2ACD386E009EC35D /* RMCharacterGender.swift */ = {isa = PBXFileReference; lastKnownFileType = sourcecode.swift; path = RMCharacterGender.swift; sourceTree = "<group>"; };
		9DD6E70F2ACDF5FF009EC35D /* RMGetAllCharactersReponse.swift */ = {isa = PBXFileReference; lastKnownFileType = sourcecode.swift; path = RMGetAllCharactersReponse.swift; sourceTree = "<group>"; };
		9DD6E7112ACDFBE0009EC35D /* RMCharacterListViewModel.swift */ = {isa = PBXFileReference; lastKnownFileType = sourcecode.swift; path = RMCharacterListViewModel.swift; sourceTree = "<group>"; };
		9DD6E7142ACDFCED009EC35D /* RMCharacterListView.swift */ = {isa = PBXFileReference; lastKnownFileType = sourcecode.swift; path = RMCharacterListView.swift; sourceTree = "<group>"; };
		9DD6E7162ACE0044009EC35D /* Extensions.swift */ = {isa = PBXFileReference; lastKnownFileType = sourcecode.swift; path = Extensions.swift; sourceTree = "<group>"; };
		9DD6E7182ACE0A2E009EC35D /* RMCharacterCollectionViewCell.swift */ = {isa = PBXFileReference; lastKnownFileType = sourcecode.swift; path = RMCharacterCollectionViewCell.swift; sourceTree = "<group>"; };
		9DD6E71A2ACE0F77009EC35D /* RMCharacterCollectionViewCellViewModel.swift */ = {isa = PBXFileReference; lastKnownFileType = sourcecode.swift; path = RMCharacterCollectionViewCellViewModel.swift; sourceTree = "<group>"; };
		9DD6E71D2ACE2207009EC35D /* RMCharacterDetailViewController.swift */ = {isa = PBXFileReference; lastKnownFileType = sourcecode.swift; path = RMCharacterDetailViewController.swift; sourceTree = "<group>"; };
		9DD6E71F2ACF44EC009EC35D /* RMCharacterDetailViewModel.swift */ = {isa = PBXFileReference; lastKnownFileType = sourcecode.swift; path = RMCharacterDetailViewModel.swift; sourceTree = "<group>"; };
		9DD6E7212ACF4E69009EC35D /* RMFooterLoadingCollectionReusableView.swift */ = {isa = PBXFileReference; lastKnownFileType = sourcecode.swift; path = RMFooterLoadingCollectionReusableView.swift; sourceTree = "<group>"; };
/* End PBXFileReference section */

/* Begin PBXFrameworksBuildPhase section */
		9DD6E6D02ACBD08D009EC35D /* Frameworks */ = {
			isa = PBXFrameworksBuildPhase;
			buildActionMask = 2147483647;
			files = (
			);
			runOnlyForDeploymentPostprocessing = 0;
		};
/* End PBXFrameworksBuildPhase section */

/* Begin PBXGroup section */
		9DD6E6CA2ACBD08D009EC35D = {
			isa = PBXGroup;
			children = (
				9DD6E6D52ACBD08D009EC35D /* RickAndMorty */,
				9DD6E6D42ACBD08D009EC35D /* Products */,
			);
			sourceTree = "<group>";
		};
		9DD6E6D42ACBD08D009EC35D /* Products */ = {
			isa = PBXGroup;
			children = (
				9DD6E6D32ACBD08D009EC35D /* RickAndMorty.app */,
			);
			name = Products;
			sourceTree = "<group>";
		};
		9DD6E6D52ACBD08D009EC35D /* RickAndMorty */ = {
			isa = PBXGroup;
			children = (
				9DD6E7132ACDFCD8009EC35D /* Views */,
				9DD6E6EF2ACBD241009EC35D /* Resources */,
				9DD6E6EE2ACBD228009EC35D /* APIClient */,
				9DD6E6ED2ACBD220009EC35D /* Managers */,
				9DD6E6EB2ACBD20D009EC35D /* Models */,
				9DD6E6EC2ACBD217009EC35D /* ViewModels */,
				9DD6E6EA2ACBD202009EC35D /* Controllers */,
				9DD6E6E42ACBD08F009EC35D /* Info.plist */,
			);
			path = RickAndMorty;
			sourceTree = "<group>";
		};
		9DD6E6EA2ACBD202009EC35D /* Controllers */ = {
			isa = PBXGroup;
			children = (
				9DD6E71C2ACE21E9009EC35D /* Other */,
				9DD6E6FE2ACBD622009EC35D /* Core */,
			);
			path = Controllers;
			sourceTree = "<group>";
		};
		9DD6E6EB2ACBD20D009EC35D /* Models */ = {
			isa = PBXGroup;
			children = (
				9DD6E70E2ACDF5CF009EC35D /* APIResponseTypes */,
				9DD6E70D2ACDF5C3009EC35D /* DataTypes */,
			);
			path = Models;
			sourceTree = "<group>";
		};
		9DD6E6EC2ACBD217009EC35D /* ViewModels */ = {
			isa = PBXGroup;
			children = (
				9DD6E7112ACDFBE0009EC35D /* RMCharacterListViewModel.swift */,
				9DD6E71A2ACE0F77009EC35D /* RMCharacterCollectionViewCellViewModel.swift */,
				9DD6E71F2ACF44EC009EC35D /* RMCharacterDetailViewModel.swift */,
			);
			path = ViewModels;
			sourceTree = "<group>";
		};
		9DD6E6ED2ACBD220009EC35D /* Managers */ = {
			isa = PBXGroup;
			children = (
			);
			path = Managers;
			sourceTree = "<group>";
		};
		9DD6E6EE2ACBD228009EC35D /* APIClient */ = {
			isa = PBXGroup;
			children = (
				9DD6E7012ACD315A009EC35D /* RMRequest.swift */,
				9DD6E6FF2ACD314E009EC35D /* RMService.swift */,
				9DD6E7032ACD31BB009EC35D /* RMEndpoint.swift */,
			);
			path = APIClient;
			sourceTree = "<group>";
		};
		9DD6E6EF2ACBD241009EC35D /* Resources */ = {
			isa = PBXGroup;
			children = (
				9DD6E6D62ACBD08D009EC35D /* AppDelegate.swift */,
				9DD6E6D82ACBD08D009EC35D /* SceneDelegate.swift */,
				9DD6E6E12ACBD08F009EC35D /* LaunchScreen.storyboard */,
				9DD6E6DF2ACBD08F009EC35D /* Assets.xcassets */,
				9DD6E7162ACE0044009EC35D /* Extensions.swift */,
			);
			path = Resources;
			sourceTree = "<group>";
		};
		9DD6E6FE2ACBD622009EC35D /* Core */ = {
			isa = PBXGroup;
			children = (
				9DD6E6DA2ACBD08D009EC35D /* RMTabBarController.swift */,
				9DD6E6F62ACBD5BB009EC35D /* RMCharacterViewController.swift */,
				9DD6E6F82ACBD5DA009EC35D /* RMEpisodeViewController.swift */,
				9DD6E6FA2ACBD5EA009EC35D /* RMLocationViewController.swift */,
				9DD6E6FC2ACBD5F9009EC35D /* RMSettingsViewController.swift */,
			);
			path = Core;
			sourceTree = "<group>";
		};
		9DD6E70D2ACDF5C3009EC35D /* DataTypes */ = {
			isa = PBXGroup;
			children = (
				9DD6E6F02ACBD28D009EC35D /* RMLocation.swift */,
				9DD6E6F22ACBD29B009EC35D /* RMCharacter.swift */,
				9DD6E6F42ACBD2B2009EC35D /* RMEpisode.swift */,
				9DD6E7052ACD36B2009EC35D /* RMOrigin.swift */,
				9DD6E7072ACD36F9009EC35D /* RMSingleLocation.swift */,
				9DD6E7092ACD3776009EC35D /* RMCharacterStatus.swift */,
				9DD6E70B2ACD386E009EC35D /* RMCharacterGender.swift */,
			);
			path = DataTypes;
			sourceTree = "<group>";
		};
		9DD6E70E2ACDF5CF009EC35D /* APIResponseTypes */ = {
			isa = PBXGroup;
			children = (
				9DD6E70F2ACDF5FF009EC35D /* RMGetAllCharactersReponse.swift */,
			);
			path = APIResponseTypes;
			sourceTree = "<group>";
		};
		9DD6E7132ACDFCD8009EC35D /* Views */ = {
			isa = PBXGroup;
			children = (
				9DD6E7142ACDFCED009EC35D /* RMCharacterListView.swift */,
				9DD6E7182ACE0A2E009EC35D /* RMCharacterCollectionViewCell.swift */,
				9DD6E7212ACF4E69009EC35D /* RMFooterLoadingCollectionReusableView.swift */,
			);
			path = Views;
			sourceTree = "<group>";
		};
		9DD6E71C2ACE21E9009EC35D /* Other */ = {
			isa = PBXGroup;
			children = (
				9DD6E71D2ACE2207009EC35D /* RMCharacterDetailViewController.swift */,
			);
			path = Other;
			sourceTree = "<group>";
		};
/* End PBXGroup section */

/* Begin PBXNativeTarget section */
		9DD6E6D22ACBD08D009EC35D /* RickAndMorty */ = {
			isa = PBXNativeTarget;
			buildConfigurationList = 9DD6E6E72ACBD08F009EC35D /* Build configuration list for PBXNativeTarget "RickAndMorty" */;
			buildPhases = (
				9DD6E6CF2ACBD08D009EC35D /* Sources */,
				9DD6E6D02ACBD08D009EC35D /* Frameworks */,
				9DD6E6D12ACBD08D009EC35D /* Resources */,
			);
			buildRules = (
			);
			dependencies = (
			);
			name = RickAndMorty;
			productName = RickAndMorty;
			productReference = 9DD6E6D32ACBD08D009EC35D /* RickAndMorty.app */;
			productType = "com.apple.product-type.application";
		};
/* End PBXNativeTarget section */

/* Begin PBXProject section */
		9DD6E6CB2ACBD08D009EC35D /* Project object */ = {
			isa = PBXProject;
			attributes = {
				BuildIndependentTargetsInParallel = 1;
				LastSwiftUpdateCheck = 1430;
				LastUpgradeCheck = 1430;
				TargetAttributes = {
					9DD6E6D22ACBD08D009EC35D = {
						CreatedOnToolsVersion = 14.3;
					};
				};
			};
			buildConfigurationList = 9DD6E6CE2ACBD08D009EC35D /* Build configuration list for PBXProject "RickAndMorty" */;
			compatibilityVersion = "Xcode 14.0";
			developmentRegion = en;
			hasScannedForEncodings = 0;
			knownRegions = (
				en,
				Base,
			);
			mainGroup = 9DD6E6CA2ACBD08D009EC35D;
			productRefGroup = 9DD6E6D42ACBD08D009EC35D /* Products */;
			projectDirPath = "";
			projectRoot = "";
			targets = (
				9DD6E6D22ACBD08D009EC35D /* RickAndMorty */,
			);
		};
/* End PBXProject section */

/* Begin PBXResourcesBuildPhase section */
		9DD6E6D12ACBD08D009EC35D /* Resources */ = {
			isa = PBXResourcesBuildPhase;
			buildActionMask = 2147483647;
			files = (
				9DD6E6E32ACBD08F009EC35D /* LaunchScreen.storyboard in Resources */,
				9DD6E6E02ACBD08F009EC35D /* Assets.xcassets in Resources */,
			);
			runOnlyForDeploymentPostprocessing = 0;
		};
/* End PBXResourcesBuildPhase section */

/* Begin PBXSourcesBuildPhase section */
		9DD6E6CF2ACBD08D009EC35D /* Sources */ = {
			isa = PBXSourcesBuildPhase;
			buildActionMask = 2147483647;
			files = (
				9DD6E7222ACF4E69009EC35D /* RMFooterLoadingCollectionReusableView.swift in Sources */,
				9DD6E7062ACD36B2009EC35D /* RMOrigin.swift in Sources */,
				9DD6E7082ACD36F9009EC35D /* RMSingleLocation.swift in Sources */,
				9DD6E7202ACF44EC009EC35D /* RMCharacterDetailViewModel.swift in Sources */,
				9DD6E7152ACDFCED009EC35D /* RMCharacterListView.swift in Sources */,
				9DD6E70A2ACD3776009EC35D /* RMCharacterStatus.swift in Sources */,
				9DD6E70C2ACD386E009EC35D /* RMCharacterGender.swift in Sources */,
				9DD6E6FB2ACBD5EA009EC35D /* RMLocationViewController.swift in Sources */,
				9DD6E71E2ACE2207009EC35D /* RMCharacterDetailViewController.swift in Sources */,
				9DD6E6F52ACBD2B2009EC35D /* RMEpisode.swift in Sources */,
				9DD6E6DB2ACBD08D009EC35D /* RMTabBarController.swift in Sources */,
				9DD6E6D72ACBD08D009EC35D /* AppDelegate.swift in Sources */,
				9DD6E7192ACE0A2E009EC35D /* RMCharacterCollectionViewCell.swift in Sources */,
				9DD6E6D92ACBD08D009EC35D /* SceneDelegate.swift in Sources */,
				9DD6E6F12ACBD28D009EC35D /* RMLocation.swift in Sources */,
				9DD6E6FD2ACBD5F9009EC35D /* RMSettingsViewController.swift in Sources */,
				9DD6E7002ACD314E009EC35D /* RMService.swift in Sources */,
				9DD6E7172ACE0044009EC35D /* Extensions.swift in Sources */,
				9DD6E6F32ACBD29B009EC35D /* RMCharacter.swift in Sources */,
				9DD6E7042ACD31BB009EC35D /* RMEndpoint.swift in Sources */,
				9DD6E6F72ACBD5BB009EC35D /* RMCharacterViewController.swift in Sources */,
				9DD6E7022ACD315A009EC35D /* RMRequest.swift in Sources */,
				9DD6E71B2ACE0F77009EC35D /* RMCharacterCollectionViewCellViewModel.swift in Sources */,
				9DD6E7102ACDF5FF009EC35D /* RMGetAllCharactersReponse.swift in Sources */,
				9DD6E7122ACDFBE0009EC35D /* RMCharacterListViewModel.swift in Sources */,
				9DD6E6F92ACBD5DA009EC35D /* RMEpisodeViewController.swift in Sources */,
			);
			runOnlyForDeploymentPostprocessing = 0;
		};
/* End PBXSourcesBuildPhase section */

/* Begin PBXVariantGroup section */
		9DD6E6E12ACBD08F009EC35D /* LaunchScreen.storyboard */ = {
			isa = PBXVariantGroup;
			children = (
				9DD6E6E22ACBD08F009EC35D /* Base */,
			);
			name = LaunchScreen.storyboard;
			sourceTree = "<group>";
		};
/* End PBXVariantGroup section */

/* Begin XCBuildConfiguration section */
		9DD6E6E52ACBD08F009EC35D /* Debug */ = {
			isa = XCBuildConfiguration;
			buildSettings = {
				ALWAYS_SEARCH_USER_PATHS = NO;
				CLANG_ANALYZER_NONNULL = YES;
				CLANG_ANALYZER_NUMBER_OBJECT_CONVERSION = YES_AGGRESSIVE;
				CLANG_CXX_LANGUAGE_STANDARD = "gnu++20";
				CLANG_ENABLE_MODULES = YES;
				CLANG_ENABLE_OBJC_ARC = YES;
				CLANG_ENABLE_OBJC_WEAK = YES;
				CLANG_WARN_BLOCK_CAPTURE_AUTORELEASING = YES;
				CLANG_WARN_BOOL_CONVERSION = YES;
				CLANG_WARN_COMMA = YES;
				CLANG_WARN_CONSTANT_CONVERSION = YES;
				CLANG_WARN_DEPRECATED_OBJC_IMPLEMENTATIONS = YES;
				CLANG_WARN_DIRECT_OBJC_ISA_USAGE = YES_ERROR;
				CLANG_WARN_DOCUMENTATION_COMMENTS = YES;
				CLANG_WARN_EMPTY_BODY = YES;
				CLANG_WARN_ENUM_CONVERSION = YES;
				CLANG_WARN_INFINITE_RECURSION = YES;
				CLANG_WARN_INT_CONVERSION = YES;
				CLANG_WARN_NON_LITERAL_NULL_CONVERSION = YES;
				CLANG_WARN_OBJC_IMPLICIT_RETAIN_SELF = YES;
				CLANG_WARN_OBJC_LITERAL_CONVERSION = YES;
				CLANG_WARN_OBJC_ROOT_CLASS = YES_ERROR;
				CLANG_WARN_QUOTED_INCLUDE_IN_FRAMEWORK_HEADER = YES;
				CLANG_WARN_RANGE_LOOP_ANALYSIS = YES;
				CLANG_WARN_STRICT_PROTOTYPES = YES;
				CLANG_WARN_SUSPICIOUS_MOVE = YES;
				CLANG_WARN_UNGUARDED_AVAILABILITY = YES_AGGRESSIVE;
				CLANG_WARN_UNREACHABLE_CODE = YES;
				CLANG_WARN__DUPLICATE_METHOD_MATCH = YES;
				COPY_PHASE_STRIP = NO;
				DEBUG_INFORMATION_FORMAT = dwarf;
				ENABLE_STRICT_OBJC_MSGSEND = YES;
				ENABLE_TESTABILITY = YES;
				GCC_C_LANGUAGE_STANDARD = gnu11;
				GCC_DYNAMIC_NO_PIC = NO;
				GCC_NO_COMMON_BLOCKS = YES;
				GCC_OPTIMIZATION_LEVEL = 0;
				GCC_PREPROCESSOR_DEFINITIONS = (
					"DEBUG=1",
					"$(inherited)",
				);
				GCC_WARN_64_TO_32_BIT_CONVERSION = YES;
				GCC_WARN_ABOUT_RETURN_TYPE = YES_ERROR;
				GCC_WARN_UNDECLARED_SELECTOR = YES;
				GCC_WARN_UNINITIALIZED_AUTOS = YES_AGGRESSIVE;
				GCC_WARN_UNUSED_FUNCTION = YES;
				GCC_WARN_UNUSED_VARIABLE = YES;
				IPHONEOS_DEPLOYMENT_TARGET = 16.4;
				MTL_ENABLE_DEBUG_INFO = INCLUDE_SOURCE;
				MTL_FAST_MATH = YES;
				ONLY_ACTIVE_ARCH = YES;
				SDKROOT = iphoneos;
				SWIFT_ACTIVE_COMPILATION_CONDITIONS = DEBUG;
				SWIFT_OPTIMIZATION_LEVEL = "-Onone";
			};
			name = Debug;
		};
		9DD6E6E62ACBD08F009EC35D /* Release */ = {
			isa = XCBuildConfiguration;
			buildSettings = {
				ALWAYS_SEARCH_USER_PATHS = NO;
				CLANG_ANALYZER_NONNULL = YES;
				CLANG_ANALYZER_NUMBER_OBJECT_CONVERSION = YES_AGGRESSIVE;
				CLANG_CXX_LANGUAGE_STANDARD = "gnu++20";
				CLANG_ENABLE_MODULES = YES;
				CLANG_ENABLE_OBJC_ARC = YES;
				CLANG_ENABLE_OBJC_WEAK = YES;
				CLANG_WARN_BLOCK_CAPTURE_AUTORELEASING = YES;
				CLANG_WARN_BOOL_CONVERSION = YES;
				CLANG_WARN_COMMA = YES;
				CLANG_WARN_CONSTANT_CONVERSION = YES;
				CLANG_WARN_DEPRECATED_OBJC_IMPLEMENTATIONS = YES;
				CLANG_WARN_DIRECT_OBJC_ISA_USAGE = YES_ERROR;
				CLANG_WARN_DOCUMENTATION_COMMENTS = YES;
				CLANG_WARN_EMPTY_BODY = YES;
				CLANG_WARN_ENUM_CONVERSION = YES;
				CLANG_WARN_INFINITE_RECURSION = YES;
				CLANG_WARN_INT_CONVERSION = YES;
				CLANG_WARN_NON_LITERAL_NULL_CONVERSION = YES;
				CLANG_WARN_OBJC_IMPLICIT_RETAIN_SELF = YES;
				CLANG_WARN_OBJC_LITERAL_CONVERSION = YES;
				CLANG_WARN_OBJC_ROOT_CLASS = YES_ERROR;
				CLANG_WARN_QUOTED_INCLUDE_IN_FRAMEWORK_HEADER = YES;
				CLANG_WARN_RANGE_LOOP_ANALYSIS = YES;
				CLANG_WARN_STRICT_PROTOTYPES = YES;
				CLANG_WARN_SUSPICIOUS_MOVE = YES;
				CLANG_WARN_UNGUARDED_AVAILABILITY = YES_AGGRESSIVE;
				CLANG_WARN_UNREACHABLE_CODE = YES;
				CLANG_WARN__DUPLICATE_METHOD_MATCH = YES;
				COPY_PHASE_STRIP = NO;
				DEBUG_INFORMATION_FORMAT = "dwarf-with-dsym";
				ENABLE_NS_ASSERTIONS = NO;
				ENABLE_STRICT_OBJC_MSGSEND = YES;
				GCC_C_LANGUAGE_STANDARD = gnu11;
				GCC_NO_COMMON_BLOCKS = YES;
				GCC_WARN_64_TO_32_BIT_CONVERSION = YES;
				GCC_WARN_ABOUT_RETURN_TYPE = YES_ERROR;
				GCC_WARN_UNDECLARED_SELECTOR = YES;
				GCC_WARN_UNINITIALIZED_AUTOS = YES_AGGRESSIVE;
				GCC_WARN_UNUSED_FUNCTION = YES;
				GCC_WARN_UNUSED_VARIABLE = YES;
				IPHONEOS_DEPLOYMENT_TARGET = 16.4;
				MTL_ENABLE_DEBUG_INFO = NO;
				MTL_FAST_MATH = YES;
				SDKROOT = iphoneos;
				SWIFT_COMPILATION_MODE = wholemodule;
				SWIFT_OPTIMIZATION_LEVEL = "-O";
				VALIDATE_PRODUCT = YES;
			};
			name = Release;
		};
		9DD6E6E82ACBD08F009EC35D /* Debug */ = {
			isa = XCBuildConfiguration;
			buildSettings = {
				ASSETCATALOG_COMPILER_APPICON_NAME = AppIcon;
				ASSETCATALOG_COMPILER_GLOBAL_ACCENT_COLOR_NAME = AccentColor;
				CODE_SIGN_STYLE = Automatic;
				CURRENT_PROJECT_VERSION = 1;
				GENERATE_INFOPLIST_FILE = YES;
				INFOPLIST_FILE = RickAndMorty/Info.plist;
				INFOPLIST_KEY_UIApplicationSupportsIndirectInputEvents = YES;
				INFOPLIST_KEY_UILaunchStoryboardName = LaunchScreen;
				INFOPLIST_KEY_UISupportedInterfaceOrientations_iPad = "UIInterfaceOrientationPortrait UIInterfaceOrientationPortraitUpsideDown UIInterfaceOrientationLandscapeLeft UIInterfaceOrientationLandscapeRight";
				INFOPLIST_KEY_UISupportedInterfaceOrientations_iPhone = "UIInterfaceOrientationPortrait UIInterfaceOrientationLandscapeLeft UIInterfaceOrientationLandscapeRight";
				LD_RUNPATH_SEARCH_PATHS = (
					"$(inherited)",
					"@executable_path/Frameworks",
				);
				MARKETING_VERSION = 1.0;
				PRODUCT_BUNDLE_IDENTIFIER = com.sera.RickAndMorty;
				PRODUCT_NAME = "$(TARGET_NAME)";
				SWIFT_EMIT_LOC_STRINGS = YES;
				SWIFT_VERSION = 5.0;
				TARGETED_DEVICE_FAMILY = "1,2";
			};
			name = Debug;
		};
		9DD6E6E92ACBD08F009EC35D /* Release */ = {
			isa = XCBuildConfiguration;
			buildSettings = {
				ASSETCATALOG_COMPILER_APPICON_NAME = AppIcon;
				ASSETCATALOG_COMPILER_GLOBAL_ACCENT_COLOR_NAME = AccentColor;
				CODE_SIGN_STYLE = Automatic;
				CURRENT_PROJECT_VERSION = 1;
				GENERATE_INFOPLIST_FILE = YES;
				INFOPLIST_FILE = RickAndMorty/Info.plist;
				INFOPLIST_KEY_UIApplicationSupportsIndirectInputEvents = YES;
				INFOPLIST_KEY_UILaunchStoryboardName = LaunchScreen;
				INFOPLIST_KEY_UISupportedInterfaceOrientations_iPad = "UIInterfaceOrientationPortrait UIInterfaceOrientationPortraitUpsideDown UIInterfaceOrientationLandscapeLeft UIInterfaceOrientationLandscapeRight";
				INFOPLIST_KEY_UISupportedInterfaceOrientations_iPhone = "UIInterfaceOrientationPortrait UIInterfaceOrientationLandscapeLeft UIInterfaceOrientationLandscapeRight";
				LD_RUNPATH_SEARCH_PATHS = (
					"$(inherited)",
					"@executable_path/Frameworks",
				);
				MARKETING_VERSION = 1.0;
				PRODUCT_BUNDLE_IDENTIFIER = com.sera.RickAndMorty;
				PRODUCT_NAME = "$(TARGET_NAME)";
				SWIFT_EMIT_LOC_STRINGS = YES;
				SWIFT_VERSION = 5.0;
				TARGETED_DEVICE_FAMILY = "1,2";
			};
			name = Release;
		};
/* End XCBuildConfiguration section */

/* Begin XCConfigurationList section */
		9DD6E6CE2ACBD08D009EC35D /* Build configuration list for PBXProject "RickAndMorty" */ = {
			isa = XCConfigurationList;
			buildConfigurations = (
				9DD6E6E52ACBD08F009EC35D /* Debug */,
				9DD6E6E62ACBD08F009EC35D /* Release */,
			);
			defaultConfigurationIsVisible = 0;
			defaultConfigurationName = Release;
		};
		9DD6E6E72ACBD08F009EC35D /* Build configuration list for PBXNativeTarget "RickAndMorty" */ = {
			isa = XCConfigurationList;
			buildConfigurations = (
				9DD6E6E82ACBD08F009EC35D /* Debug */,
				9DD6E6E92ACBD08F009EC35D /* Release */,
			);
			defaultConfigurationIsVisible = 0;
			defaultConfigurationName = Release;
		};
/* End XCConfigurationList section */
	};
	rootObject = 9DD6E6CB2ACBD08D009EC35D /* Project object */;
}
